
Microsoft Visual Studio Solution File, Format Version 12.00
# Visual Studio Version 17
VisualStudioVersion = 17.9.34607.119
MinimumVisualStudioVersion = 10.0.40219.1
Project("{FAE04EC0-301F-11D3-BF4B-00C04F79EFBC}") = "ScottPlotBarChart", "ScottPlotBarChart\ScottPlotBarChart.csproj", "{9FB76FB6-5F58-4297-A186-27BCEF866206}"
EndProject
Global
	GlobalSection(SolutionConfigurationPlatforms) = preSolution
		Debug|Any CPU = Debug|Any CPU
		Release|Any CPU = Release|Any CPU
	EndGlobalSection
	GlobalSection(ProjectConfigurationPlatforms) = postSolution
		{9FB76FB6-5F58-4297-A186-27BCEF866206}.Debug|Any CPU.ActiveCfg = Debug|Any CPU
		{9FB76FB6-5F58-4297-A186-27BCEF866206}.Debug|Any CPU.Build.0 = Debug|Any CPU
		{9FB76FB6-5F58-4297-A186-27BCEF866206}.Release|Any CPU.ActiveCfg = Release|Any CPU
		{9FB76FB6-5F58-4297-A186-27BCEF866206}.Release|Any CPU.Build.0 = Release|Any CPU
	EndGlobalSection
	GlobalSection(SolutionProperties) = preSolution
		HideSolutionNode = FALSE
	EndGlobalSection
	GlobalSection(ExtensibilityGlobals) = postSolution
		SolutionGuid = {0698A30F-94D7-4220-9B59-4EBC5E80A4CF}
	EndGlobalSection
EndGlobal
